// !$*UTF8*$!
{
	archiveVersion = 1;
	classes = {
	};
	objectVersion = 50;
	objects = {

/* Begin PBXBuildFile section */
		4F1901BE23CFF98B002CDE39 /* AppDelegate.swift in Sources */ = {isa = PBXBuildFile; fileRef = 4F1901BD23CFF98B002CDE39 /* AppDelegate.swift */; };
		4F1901C423CFF98B002CDE39 /* Assets.xcassets in Resources */ = {isa = PBXBuildFile; fileRef = 4F1901C323CFF98B002CDE39 /* Assets.xcassets */; };
		4F1901C723CFF98B002CDE39 /* Preview Assets.xcassets in Resources */ = {isa = PBXBuildFile; fileRef = 4F1901C623CFF98B002CDE39 /* Preview Assets.xcassets */; };
		4F1901CA23CFF98B002CDE39 /* LaunchScreen.storyboard in Resources */ = {isa = PBXBuildFile; fileRef = 4F1901C823CFF98B002CDE39 /* LaunchScreen.storyboard */; };
		4FD5EB5A23CFFA7F0010BBB4 /* DropTextInputFormViewController.swift in Sources */ = {isa = PBXBuildFile; fileRef = 4FD5EB5923CFFA7F0010BBB4 /* DropTextInputFormViewController.swift */; };
		4FD5EB5C23CFFB960010BBB4 /* BaseFormView.swift in Sources */ = {isa = PBXBuildFile; fileRef = 4FD5EB5B23CFFB960010BBB4 /* BaseFormView.swift */; };
/* End PBXBuildFile section */

/* Begin PBXFileReference section */
		4F1901BA23CFF98B002CDE39 /* DropTextInputForm.app */ = {isa = PBXFileReference; explicitFileType = wrapper.application; includeInIndex = 0; path = DropTextInputForm.app; sourceTree = BUILT_PRODUCTS_DIR; };
		4F1901BD23CFF98B002CDE39 /* AppDelegate.swift */ = {isa = PBXFileReference; lastKnownFileType = sourcecode.swift; path = AppDelegate.swift; sourceTree = "<group>"; };
		4F1901C323CFF98B002CDE39 /* Assets.xcassets */ = {isa = PBXFileReference; lastKnownFileType = folder.assetcatalog; path = Assets.xcassets; sourceTree = "<group>"; };
		4F1901C623CFF98B002CDE39 /* Preview Assets.xcassets */ = {isa = PBXFileReference; lastKnownFileType = folder.assetcatalog; path = "Preview Assets.xcassets"; sourceTree = "<group>"; };
		4F1901C923CFF98B002CDE39 /* Base */ = {isa = PBXFileReference; lastKnownFileType = file.storyboard; name = Base; path = Base.lproj/LaunchScreen.storyboard; sourceTree = "<group>"; };
		4F1901CB23CFF98B002CDE39 /* Info.plist */ = {isa = PBXFileReference; lastKnownFileType = text.plist.xml; path = Info.plist; sourceTree = "<group>"; };
		4FD5EB5923CFFA7F0010BBB4 /* DropTextInputFormViewController.swift */ = {isa = PBXFileReference; lastKnownFileType = sourcecode.swift; path = DropTextInputFormViewController.swift; sourceTree = "<group>"; };
		4FD5EB5B23CFFB960010BBB4 /* BaseFormView.swift */ = {isa = PBXFileReference; lastKnownFileType = sourcecode.swift; path = BaseFormView.swift; sourceTree = "<group>"; };
/* End PBXFileReference section */

/* Begin PBXFrameworksBuildPhase section */
		4F1901B723CFF98B002CDE39 /* Frameworks */ = {
			isa = PBXFrameworksBuildPhase;
			buildActionMask = 2147483647;
			files = (
			);
			runOnlyForDeploymentPostprocessing = 0;
		};
/* End PBXFrameworksBuildPhase section */

/* Begin PBXGroup section */
		4F1901B123CFF98B002CDE39 = {
			isa = PBXGroup;
			children = (
				4F1901BC23CFF98B002CDE39 /* DropTextInputForm */,
				4F1901BB23CFF98B002CDE39 /* Products */,
			);
			sourceTree = "<group>";
		};
		4F1901BB23CFF98B002CDE39 /* Products */ = {
			isa = PBXGroup;
			children = (
				4F1901BA23CFF98B002CDE39 /* DropTextInputForm.app */,
			);
			name = Products;
			sourceTree = "<group>";
		};
		4F1901BC23CFF98B002CDE39 /* DropTextInputForm */ = {
			isa = PBXGroup;
			children = (
				4F1901BD23CFF98B002CDE39 /* AppDelegate.swift */,
				4FD5EB5823CFFA590010BBB4 /* View */,
				4FD5EB5723CFFA560010BBB4 /* Controller */,
				4F1901C323CFF98B002CDE39 /* Assets.xcassets */,
				4F1901C823CFF98B002CDE39 /* LaunchScreen.storyboard */,
				4F1901CB23CFF98B002CDE39 /* Info.plist */,
				4F1901C523CFF98B002CDE39 /* Preview Content */,
			);
			path = DropTextInputForm;
			sourceTree = "<group>";
		};
		4F1901C523CFF98B002CDE39 /* Preview Content */ = {
			isa = PBXGroup;
			children = (
				4F1901C623CFF98B002CDE39 /* Preview Assets.xcassets */,
			);
			path = "Preview Content";
			sourceTree = "<group>";
		};
		4FD5EB5723CFFA560010BBB4 /* Controller */ = {
			isa = PBXGroup;
			children = (
				4FD5EB5923CFFA7F0010BBB4 /* DropTextInputFormViewController.swift */,
			);
			path = Controller;
			sourceTree = "<group>";
		};
		4FD5EB5823CFFA590010BBB4 /* View */ = {
			isa = PBXGroup;
			children = (
				4FD5EB5B23CFFB960010BBB4 /* BaseFormView.swift */,
			);
			path = View;
			sourceTree = "<group>";
		};
/* End PBXGroup section */

/* Begin PBXNativeTarget section */
		4F1901B923CFF98B002CDE39 /* DropTextInputForm */ = {
			isa = PBXNativeTarget;
			buildConfigurationList = 4F1901CE23CFF98B002CDE39 /* Build configuration list for PBXNativeTarget "DropTextInputForm" */;
			buildPhases = (
				4F1901B623CFF98B002CDE39 /* Sources */,
				4F1901B723CFF98B002CDE39 /* Frameworks */,
				4F1901B823CFF98B002CDE39 /* Resources */,
			);
			buildRules = (
			);
			dependencies = (
			);
			name = DropTextInputForm;
			productName = DropTextInputForm;
			productReference = 4F1901BA23CFF98B002CDE39 /* DropTextInputForm.app */;
			productType = "com.apple.product-type.application";
		};
/* End PBXNativeTarget section */

/* Begin PBXProject section */
		4F1901B223CFF98B002CDE39 /* Project object */ = {
			isa = PBXProject;
			attributes = {
				LastSwiftUpdateCheck = 1130;
				LastUpgradeCheck = 1130;
				ORGANIZATIONNAME = "Up's";
				TargetAttributes = {
					4F1901B923CFF98B002CDE39 = {
						CreatedOnToolsVersion = 11.3;
					};
				};
			};
			buildConfigurationList = 4F1901B523CFF98B002CDE39 /* Build configuration list for PBXProject "DropTextInputForm" */;
			compatibilityVersion = "Xcode 9.3";
			developmentRegion = en;
			hasScannedForEncodings = 0;
			knownRegions = (
				en,
				Base,
			);
			mainGroup = 4F1901B123CFF98B002CDE39;
			productRefGroup = 4F1901BB23CFF98B002CDE39 /* Products */;
			projectDirPath = "";
			projectRoot = "";
			targets = (
				4F1901B923CFF98B002CDE39 /* DropTextInputForm */,
			);
		};
/* End PBXProject section */

/* Begin PBXResourcesBuildPhase section */
		4F1901B823CFF98B002CDE39 /* Resources */ = {
			isa = PBXResourcesBuildPhase;
			buildActionMask = 2147483647;
			files = (
				4F1901CA23CFF98B002CDE39 /* LaunchScreen.storyboard in Resources */,
				4F1901C723CFF98B002CDE39 /* Preview Assets.xcassets in Resources */,
				4F1901C423CFF98B002CDE39 /* Assets.xcassets in Resources */,
			);
			runOnlyForDeploymentPostprocessing = 0;
		};
/* End PBXResourcesBuildPhase section */

/* Begin PBXSourcesBuildPhase section */
		4F1901B623CFF98B002CDE39 /* Sources */ = {
			isa = PBXSourcesBuildPhase;
			buildActionMask = 2147483647;
			files = (
				4F1901BE23CFF98B002CDE39 /* AppDelegate.swift in Sources */,
				4FD5EB5A23CFFA7F0010BBB4 /* DropTextInputFormViewController.swift in Sources */,
				4FD5EB5C23CFFB960010BBB4 /* BaseFormView.swift in Sources */,
			);
			runOnlyForDeploymentPostprocessing = 0;
		};
/* End PBXSourcesBuildPhase section */

/* Begin PBXVariantGroup section */
		4F1901C823CFF98B002CDE39 /* LaunchScreen.storyboard */ = {
			isa = PBXVariantGroup;
			children = (
				4F1901C923CFF98B002CDE39 /* Base */,
			);
			name = LaunchScreen.storyboard;
			sourceTree = "<group>";
		};
/* End PBXVariantGroup section */

/* Begin XCBuildConfiguration section */
		4F1901CC23CFF98B002CDE39 /* Debug */ = {
			isa = XCBuildConfiguration;
			buildSettings = {
				ALWAYS_SEARCH_USER_PATHS = NO;
				CLANG_ANALYZER_NONNULL = YES;
				CLANG_ANALYZER_NUMBER_OBJECT_CONVERSION = YES_AGGRESSIVE;
				CLANG_CXX_LANGUAGE_STANDARD = "gnu++14";
				CLANG_CXX_LIBRARY = "libc++";
				CLANG_ENABLE_MODULES = YES;
				CLANG_ENABLE_OBJC_ARC = YES;
				CLANG_ENABLE_OBJC_WEAK = YES;
				CLANG_WARN_BLOCK_CAPTURE_AUTORELEASING = YES;
				CLANG_WARN_BOOL_CONVERSION = YES;
				CLANG_WARN_COMMA = YES;
				CLANG_WARN_CONSTANT_CONVERSION = YES;
				CLANG_WARN_DEPRECATED_OBJC_IMPLEMENTATIONS = YES;
				CLANG_WARN_DIRECT_OBJC_ISA_USAGE = YES_ERROR;
				CLANG_WARN_DOCUMENTATION_COMMENTS = YES;
				CLANG_WARN_EMPTY_BODY = YES;
				CLANG_WARN_ENUM_CONVERSION = YES;
				CLANG_WARN_INFINITE_RECURSION = YES;
				CLANG_WARN_INT_CONVERSION = YES;
				CLANG_WARN_NON_LITERAL_NULL_CONVERSION = YES;
				CLANG_WARN_OBJC_IMPLICIT_RETAIN_SELF = YES;
				CLANG_WARN_OBJC_LITERAL_CONVERSION = YES;
				CLANG_WARN_OBJC_ROOT_CLASS = YES_ERROR;
				CLANG_WARN_RANGE_LOOP_ANALYSIS = YES;
				CLANG_WARN_STRICT_PROTOTYPES = YES;
				CLANG_WARN_SUSPICIOUS_MOVE = YES;
				CLANG_WARN_UNGUARDED_AVAILABILITY = YES_AGGRESSIVE;
				CLANG_WARN_UNREACHABLE_CODE = YES;
				CLANG_WARN__DUPLICATE_METHOD_MATCH = YES;
				COPY_PHASE_STRIP = NO;
				DEBUG_INFORMATION_FORMAT = dwarf;
				ENABLE_STRICT_OBJC_MSGSEND = YES;
				ENABLE_TESTABILITY = YES;
				GCC_C_LANGUAGE_STANDARD = gnu11;
				GCC_DYNAMIC_NO_PIC = NO;
				GCC_NO_COMMON_BLOCKS = YES;
				GCC_OPTIMIZATION_LEVEL = 0;
				GCC_PREPROCESSOR_DEFINITIONS = (
					"DEBUG=1",
					"$(inherited)",
				);
				GCC_WARN_64_TO_32_BIT_CONVERSION = YES;
				GCC_WARN_ABOUT_RETURN_TYPE = YES_ERROR;
				GCC_WARN_UNDECLARED_SELECTOR = YES;
				GCC_WARN_UNINITIALIZED_AUTOS = YES_AGGRESSIVE;
				GCC_WARN_UNUSED_FUNCTION = YES;
				GCC_WARN_UNUSED_VARIABLE = YES;
				IPHONEOS_DEPLOYMENT_TARGET = 13.2;
				MTL_ENABLE_DEBUG_INFO = INCLUDE_SOURCE;
				MTL_FAST_MATH = YES;
				ONLY_ACTIVE_ARCH = YES;
				SDKROOT = iphoneos;
				SWIFT_ACTIVE_COMPILATION_CONDITIONS = DEBUG;
				SWIFT_OPTIMIZATION_LEVEL = "-Onone";
			};
			name = Debug;
		};
		4F1901CD23CFF98B002CDE39 /* Release */ = {
			isa = XCBuildConfiguration;
			buildSettings = {
				ALWAYS_SEARCH_USER_PATHS = NO;
				CLANG_ANALYZER_NONNULL = YES;
				CLANG_ANALYZER_NUMBER_OBJECT_CONVERSION = YES_AGGRESSIVE;
				CLANG_CXX_LANGUAGE_STANDARD = "gnu++14";
				CLANG_CXX_LIBRARY = "libc++";
				CLANG_ENABLE_MODULES = YES;
				CLANG_ENABLE_OBJC_ARC = YES;
				CLANG_ENABLE_OBJC_WEAK = YES;
				CLANG_WARN_BLOCK_CAPTURE_AUTORELEASING = YES;
				CLANG_WARN_BOOL_CONVERSION = YES;
				CLANG_WARN_COMMA = YES;
				CLANG_WARN_CONSTANT_CONVERSION = YES;
				CLANG_WARN_DEPRECATED_OBJC_IMPLEMENTATIONS = YES;
				CLANG_WARN_DIRECT_OBJC_ISA_USAGE = YES_ERROR;
				CLANG_WARN_DOCUMENTATION_COMMENTS = YES;
				CLANG_WARN_EMPTY_BODY = YES;
				CLANG_WARN_ENUM_CONVERSION = YES;
				CLANG_WARN_INFINITE_RECURSION = YES;
				CLANG_WARN_INT_CONVERSION = YES;
				CLANG_WARN_NON_LITERAL_NULL_CONVERSION = YES;
				CLANG_WARN_OBJC_IMPLICIT_RETAIN_SELF = YES;
				CLANG_WARN_OBJC_LITERAL_CONVERSION = YES;
				CLANG_WARN_OBJC_ROOT_CLASS = YES_ERROR;
				CLANG_WARN_RANGE_LOOP_ANALYSIS = YES;
				CLANG_WARN_STRICT_PROTOTYPES = YES;
				CLANG_WARN_SUSPICIOUS_MOVE = YES;
				CLANG_WARN_UNGUARDED_AVAILABILITY = YES_AGGRESSIVE;
				CLANG_WARN_UNREACHABLE_CODE = YES;
				CLANG_WARN__DUPLICATE_METHOD_MATCH = YES;
				COPY_PHASE_STRIP = NO;
				DEBUG_INFORMATION_FORMAT = "dwarf-with-dsym";
				ENABLE_NS_ASSERTIONS = NO;
				ENABLE_STRICT_OBJC_MSGSEND = YES;
				GCC_C_LANGUAGE_STANDARD = gnu11;
				GCC_NO_COMMON_BLOCKS = YES;
				GCC_WARN_64_TO_32_BIT_CONVERSION = YES;
				GCC_WARN_ABOUT_RETURN_TYPE = YES_ERROR;
				GCC_WARN_UNDECLARED_SELECTOR = YES;
				GCC_WARN_UNINITIALIZED_AUTOS = YES_AGGRESSIVE;
				GCC_WARN_UNUSED_FUNCTION = YES;
				GCC_WARN_UNUSED_VARIABLE = YES;
				IPHONEOS_DEPLOYMENT_TARGET = 13.2;
				MTL_ENABLE_DEBUG_INFO = NO;
				MTL_FAST_MATH = YES;
				SDKROOT = iphoneos;
				SWIFT_COMPILATION_MODE = wholemodule;
				SWIFT_OPTIMIZATION_LEVEL = "-O";
				VALIDATE_PRODUCT = YES;
			};
			name = Release;
		};
		4F1901CF23CFF98B002CDE39 /* Debug */ = {
			isa = XCBuildConfiguration;
			buildSettings = {
				ASSETCATALOG_COMPILER_APPICON_NAME = AppIcon;
				CODE_SIGN_STYLE = Automatic;
				DEVELOPMENT_ASSET_PATHS = "\"DropTextInputForm/Preview Content\"";
				DEVELOPMENT_TEAM = ZLN97H98PA;
				ENABLE_PREVIEWS = YES;
				INFOPLIST_FILE = DropTextInputForm/Info.plist;
				LD_RUNPATH_SEARCH_PATHS = (
					"$(inherited)",
					"@executable_path/Frameworks",
				);
				PRODUCT_BUNDLE_IDENTIFIER = "github.com-Up-s.DropTextInputForm";
				PRODUCT_NAME = "$(TARGET_NAME)";
				SWIFT_VERSION = 5.0;
				TARGETED_DEVICE_FAMILY = "1,2";
			};
			name = Debug;
		};
		4F1901D023CFF98B002CDE39 /* Release */ = {
			isa = XCBuildConfiguration;
			buildSettings = {
				ASSETCATALOG_COMPILER_APPICON_NAME = AppIcon;
				CODE_SIGN_STYLE = Automatic;
				DEVELOPMENT_ASSET_PATHS = "\"DropTextInputForm/Preview Content\"";
				DEVELOPMENT_TEAM = ZLN97H98PA;
				ENABLE_PREVIEWS = YES;
				INFOPLIST_FILE = DropTextInputForm/Info.plist;
				LD_RUNPATH_SEARCH_PATHS = (
					"$(inherited)",
					"@executable_path/Frameworks",
				);
				PRODUCT_BUNDLE_IDENTIFIER = "github.com-Up-s.DropTextInputForm";
				PRODUCT_NAME = "$(TARGET_NAME)";
				SWIFT_VERSION = 5.0;
				TARGETED_DEVICE_FAMILY = "1,2";
			};
			name = Release;
		};
/* End XCBuildConfiguration section */

/* Begin XCConfigurationList section */
		4F1901B523CFF98B002CDE39 /* Build configuration list for PBXProject "DropTextInputForm" */ = {
			isa = XCConfigurationList;
			buildConfigurations = (
				4F1901CC23CFF98B002CDE39 /* Debug */,
				4F1901CD23CFF98B002CDE39 /* Release */,
			);
			defaultConfigurationIsVisible = 0;
			defaultConfigurationName = Release;
		};
		4F1901CE23CFF98B002CDE39 /* Build configuration list for PBXNativeTarget "DropTextInputForm" */ = {
			isa = XCConfigurationList;
			buildConfigurations = (
				4F1901CF23CFF98B002CDE39 /* Debug */,
				4F1901D023CFF98B002CDE39 /* Release */,
			);
			defaultConfigurationIsVisible = 0;
			defaultConfigurationName = Release;
		};
/* End XCConfigurationList section */
	};
	rootObject = 4F1901B223CFF98B002CDE39 /* Project object */;
}
